// !$*UTF8*$!
{
	archiveVersion = 1;
	classes = {
	};
	objectVersion = 55;
	objects = {

/* Begin PBXBuildFile section */
		71AD21FD36213CC5B667241E /* Pods_MoyaTestProject.framework in Frameworks */ = {isa = PBXBuildFile; fileRef = 4CA37726A46B610719F6F7B3 /* Pods_MoyaTestProject.framework */; };
		82416EF22895481B005683A1 /* AppDelegate.swift in Sources */ = {isa = PBXBuildFile; fileRef = 82416EF12895481B005683A1 /* AppDelegate.swift */; };
		82416EF42895481B005683A1 /* SceneDelegate.swift in Sources */ = {isa = PBXBuildFile; fileRef = 82416EF32895481B005683A1 /* SceneDelegate.swift */; };
		82416EF62895481B005683A1 /* MainViewController.swift in Sources */ = {isa = PBXBuildFile; fileRef = 82416EF52895481B005683A1 /* MainViewController.swift */; };
		82416EF92895481B005683A1 /* Main.storyboard in Resources */ = {isa = PBXBuildFile; fileRef = 82416EF72895481B005683A1 /* Main.storyboard */; };
		82416EFB2895481E005683A1 /* Assets.xcassets in Resources */ = {isa = PBXBuildFile; fileRef = 82416EFA2895481E005683A1 /* Assets.xcassets */; };
		82416EFE2895481E005683A1 /* LaunchScreen.storyboard in Resources */ = {isa = PBXBuildFile; fileRef = 82416EFC2895481E005683A1 /* LaunchScreen.storyboard */; };
		82416F06289549F0005683A1 /* EmojiModel.swift in Sources */ = {isa = PBXBuildFile; fileRef = 82416F05289549EF005683A1 /* EmojiModel.swift */; };
		82416F0928954AB7005683A1 /* EmojiSearchModel.swift in Sources */ = {isa = PBXBuildFile; fileRef = 82416F0828954AB5005683A1 /* EmojiSearchModel.swift */; };
		82416F0B28954AD8005683A1 /* AppleURL.swift in Sources */ = {isa = PBXBuildFile; fileRef = 82416F0A28954AD8005683A1 /* AppleURL.swift */; };
		82416F0D2895E254005683A1 /* AppAPI.swift in Sources */ = {isa = PBXBuildFile; fileRef = 82416F0C2895E254005683A1 /* AppAPI.swift */; };
		82416F102895F081005683A1 /* NetworkManager.swift in Sources */ = {isa = PBXBuildFile; fileRef = 82416F0F2895F081005683A1 /* NetworkManager.swift */; };
/* End PBXBuildFile section */

/* Begin PBXFileReference section */
		22BC7D4B77A13436EE9EFF26 /* Pods-MoyaTestProject.release.xcconfig */ = {isa = PBXFileReference; includeInIndex = 1; lastKnownFileType = text.xcconfig; name = "Pods-MoyaTestProject.release.xcconfig"; path = "Target Support Files/Pods-MoyaTestProject/Pods-MoyaTestProject.release.xcconfig"; sourceTree = "<group>"; };
		272825A2C6CAA6A22B1DA3C9 /* Pods-MoyaTestProject.debug.xcconfig */ = {isa = PBXFileReference; includeInIndex = 1; lastKnownFileType = text.xcconfig; name = "Pods-MoyaTestProject.debug.xcconfig"; path = "Target Support Files/Pods-MoyaTestProject/Pods-MoyaTestProject.debug.xcconfig"; sourceTree = "<group>"; };
		4CA37726A46B610719F6F7B3 /* Pods_MoyaTestProject.framework */ = {isa = PBXFileReference; explicitFileType = wrapper.framework; includeInIndex = 0; path = Pods_MoyaTestProject.framework; sourceTree = BUILT_PRODUCTS_DIR; };
		82416EEE2895481B005683A1 /* MoyaTestProject.app */ = {isa = PBXFileReference; explicitFileType = wrapper.application; includeInIndex = 0; path = MoyaTestProject.app; sourceTree = BUILT_PRODUCTS_DIR; };
		82416EF12895481B005683A1 /* AppDelegate.swift */ = {isa = PBXFileReference; lastKnownFileType = sourcecode.swift; path = AppDelegate.swift; sourceTree = "<group>"; };
		82416EF32895481B005683A1 /* SceneDelegate.swift */ = {isa = PBXFileReference; lastKnownFileType = sourcecode.swift; path = SceneDelegate.swift; sourceTree = "<group>"; };
		82416EF52895481B005683A1 /* MainViewController.swift */ = {isa = PBXFileReference; lastKnownFileType = sourcecode.swift; path = MainViewController.swift; sourceTree = "<group>"; };
		82416EF82895481B005683A1 /* Base */ = {isa = PBXFileReference; lastKnownFileType = file.storyboard; name = Base; path = Base.lproj/Main.storyboard; sourceTree = "<group>"; };
		82416EFA2895481E005683A1 /* Assets.xcassets */ = {isa = PBXFileReference; lastKnownFileType = folder.assetcatalog; path = Assets.xcassets; sourceTree = "<group>"; };
		82416EFD2895481E005683A1 /* Base */ = {isa = PBXFileReference; lastKnownFileType = file.storyboard; name = Base; path = Base.lproj/LaunchScreen.storyboard; sourceTree = "<group>"; };
		82416EFF2895481E005683A1 /* Info.plist */ = {isa = PBXFileReference; lastKnownFileType = text.plist.xml; path = Info.plist; sourceTree = "<group>"; };
		82416F05289549EF005683A1 /* EmojiModel.swift */ = {isa = PBXFileReference; lastKnownFileType = sourcecode.swift; path = EmojiModel.swift; sourceTree = "<group>"; };
		82416F0828954AB5005683A1 /* EmojiSearchModel.swift */ = {isa = PBXFileReference; lastKnownFileType = sourcecode.swift; path = EmojiSearchModel.swift; sourceTree = "<group>"; };
		82416F0A28954AD8005683A1 /* AppleURL.swift */ = {isa = PBXFileReference; lastKnownFileType = sourcecode.swift; path = AppleURL.swift; sourceTree = "<group>"; };
		82416F0C2895E254005683A1 /* AppAPI.swift */ = {isa = PBXFileReference; lastKnownFileType = sourcecode.swift; path = AppAPI.swift; sourceTree = "<group>"; };
		82416F0F2895F081005683A1 /* NetworkManager.swift */ = {isa = PBXFileReference; lastKnownFileType = sourcecode.swift; path = NetworkManager.swift; sourceTree = "<group>"; };
/* End PBXFileReference section */

/* Begin PBXFrameworksBuildPhase section */
		82416EEB2895481B005683A1 /* Frameworks */ = {
			isa = PBXFrameworksBuildPhase;
			buildActionMask = 2147483647;
			files = (
				71AD21FD36213CC5B667241E /* Pods_MoyaTestProject.framework in Frameworks */,
			);
			runOnlyForDeploymentPostprocessing = 0;
		};
/* End PBXFrameworksBuildPhase section */

/* Begin PBXGroup section */
		82416EE52895481B005683A1 = {
			isa = PBXGroup;
			children = (
				82416EF02895481B005683A1 /* MoyaTestProject */,
				82416EEF2895481B005683A1 /* Products */,
				932E4B7C0EDCC915765A5C4E /* Pods */,
				D9351E222E6AB5F3D11DAA60 /* Frameworks */,
			);
			sourceTree = "<group>";
		};
		82416EEF2895481B005683A1 /* Products */ = {
			isa = PBXGroup;
			children = (
				82416EEE2895481B005683A1 /* MoyaTestProject.app */,
			);
			name = Products;
			sourceTree = "<group>";
		};
		82416EF02895481B005683A1 /* MoyaTestProject */ = {
			isa = PBXGroup;
			children = (
				82416EFF2895481E005683A1 /* Info.plist */,
				82416F132895F0E0005683A1 /* ViewControllers */,
				82416F0E2895F064005683A1 /* NetworkManagers */,
				82416F112895F08D005683A1 /* Delegates */,
				82416F122895F0AE005683A1 /* Storyboards */,
				82416F142895F110005683A1 /* AssetsAndInfoPlist */,
				82416F0728954A04005683A1 /* Models */,
			);
			path = MoyaTestProject;
			sourceTree = "<group>";
		};
		82416F0728954A04005683A1 /* Models */ = {
			isa = PBXGroup;
			children = (
				82416F05289549EF005683A1 /* EmojiModel.swift */,
				82416F0828954AB5005683A1 /* EmojiSearchModel.swift */,
				82416F0A28954AD8005683A1 /* AppleURL.swift */,
			);
			path = Models;
			sourceTree = "<group>";
		};
		82416F0E2895F064005683A1 /* NetworkManagers */ = {
			isa = PBXGroup;
			children = (
				82416F0C2895E254005683A1 /* AppAPI.swift */,
				82416F0F2895F081005683A1 /* NetworkManager.swift */,
			);
			path = NetworkManagers;
			sourceTree = "<group>";
		};
		82416F112895F08D005683A1 /* Delegates */ = {
			isa = PBXGroup;
			children = (
				82416EF12895481B005683A1 /* AppDelegate.swift */,
				82416EF32895481B005683A1 /* SceneDelegate.swift */,
			);
			path = Delegates;
			sourceTree = "<group>";
		};
		82416F122895F0AE005683A1 /* Storyboards */ = {
			isa = PBXGroup;
			children = (
				82416EF72895481B005683A1 /* Main.storyboard */,
				82416EFC2895481E005683A1 /* LaunchScreen.storyboard */,
			);
			path = Storyboards;
			sourceTree = "<group>";
		};
		82416F132895F0E0005683A1 /* ViewControllers */ = {
			isa = PBXGroup;
			children = (
				82416EF52895481B005683A1 /* MainViewController.swift */,
			);
			path = ViewControllers;
			sourceTree = "<group>";
		};
		82416F142895F110005683A1 /* AssetsAndInfoPlist */ = {
			isa = PBXGroup;
			children = (
				82416EFA2895481E005683A1 /* Assets.xcassets */,
			);
			path = AssetsAndInfoPlist;
			sourceTree = "<group>";
		};
		932E4B7C0EDCC915765A5C4E /* Pods */ = {
			isa = PBXGroup;
			children = (
				272825A2C6CAA6A22B1DA3C9 /* Pods-MoyaTestProject.debug.xcconfig */,
				22BC7D4B77A13436EE9EFF26 /* Pods-MoyaTestProject.release.xcconfig */,
			);
			path = Pods;
			sourceTree = "<group>";
		};
		D9351E222E6AB5F3D11DAA60 /* Frameworks */ = {
			isa = PBXGroup;
			children = (
				4CA37726A46B610719F6F7B3 /* Pods_MoyaTestProject.framework */,
			);
			name = Frameworks;
			sourceTree = "<group>";
		};
/* End PBXGroup section */

/* Begin PBXNativeTarget section */
		82416EED2895481B005683A1 /* MoyaTestProject */ = {
			isa = PBXNativeTarget;
			buildConfigurationList = 82416F022895481E005683A1 /* Build configuration list for PBXNativeTarget "MoyaTestProject" */;
			buildPhases = (
				A1D6956E89BBA67C0ED051EB /* [CP] Check Pods Manifest.lock */,
				82416EEA2895481B005683A1 /* Sources */,
				82416EEB2895481B005683A1 /* Frameworks */,
				82416EEC2895481B005683A1 /* Resources */,
				C97BAA0E5356D473FE3FF1C0 /* [CP] Embed Pods Frameworks */,
			);
			buildRules = (
			);
			dependencies = (
			);
			name = MoyaTestProject;
			productName = MoyaTestProject;
			productReference = 82416EEE2895481B005683A1 /* MoyaTestProject.app */;
			productType = "com.apple.product-type.application";
		};
/* End PBXNativeTarget section */

/* Begin PBXProject section */
		82416EE62895481B005683A1 /* Project object */ = {
			isa = PBXProject;
			attributes = {
				BuildIndependentTargetsInParallel = 1;
				LastSwiftUpdateCheck = 1330;
				LastUpgradeCheck = 1330;
				TargetAttributes = {
					82416EED2895481B005683A1 = {
						CreatedOnToolsVersion = 13.3.1;
					};
				};
			};
			buildConfigurationList = 82416EE92895481B005683A1 /* Build configuration list for PBXProject "MoyaTestProject" */;
			compatibilityVersion = "Xcode 13.0";
			developmentRegion = en;
			hasScannedForEncodings = 0;
			knownRegions = (
				en,
				Base,
			);
			mainGroup = 82416EE52895481B005683A1;
			productRefGroup = 82416EEF2895481B005683A1 /* Products */;
			projectDirPath = "";
			projectRoot = "";
			targets = (
				82416EED2895481B005683A1 /* MoyaTestProject */,
			);
		};
/* End PBXProject section */

/* Begin PBXResourcesBuildPhase section */
		82416EEC2895481B005683A1 /* Resources */ = {
			isa = PBXResourcesBuildPhase;
			buildActionMask = 2147483647;
			files = (
				82416EFE2895481E005683A1 /* LaunchScreen.storyboard in Resources */,
				82416EFB2895481E005683A1 /* Assets.xcassets in Resources */,
				82416EF92895481B005683A1 /* Main.storyboard in Resources */,
			);
			runOnlyForDeploymentPostprocessing = 0;
		};
/* End PBXResourcesBuildPhase section */

/* Begin PBXShellScriptBuildPhase section */
		A1D6956E89BBA67C0ED051EB /* [CP] Check Pods Manifest.lock */ = {
			isa = PBXShellScriptBuildPhase;
			buildActionMask = 2147483647;
			files = (
			);
			inputFileListPaths = (
			);
			inputPaths = (
				"${PODS_PODFILE_DIR_PATH}/Podfile.lock",
				"${PODS_ROOT}/Manifest.lock",
			);
			name = "[CP] Check Pods Manifest.lock";
			outputFileListPaths = (
			);
			outputPaths = (
				"$(DERIVED_FILE_DIR)/Pods-MoyaTestProject-checkManifestLockResult.txt",
			);
			runOnlyForDeploymentPostprocessing = 0;
			shellPath = /bin/sh;
			shellScript = "diff \"${PODS_PODFILE_DIR_PATH}/Podfile.lock\" \"${PODS_ROOT}/Manifest.lock\" > /dev/null\nif [ $? != 0 ] ; then\n    # print error to STDERR\n    echo \"error: The sandbox is not in sync with the Podfile.lock. Run 'pod install' or update your CocoaPods installation.\" >&2\n    exit 1\nfi\n# This output is used by Xcode 'outputs' to avoid re-running this script phase.\necho \"SUCCESS\" > \"${SCRIPT_OUTPUT_FILE_0}\"\n";
			showEnvVarsInLog = 0;
		};
		C97BAA0E5356D473FE3FF1C0 /* [CP] Embed Pods Frameworks */ = {
			isa = PBXShellScriptBuildPhase;
			buildActionMask = 2147483647;
			files = (
			);
			inputFileListPaths = (
				"${PODS_ROOT}/Target Support Files/Pods-MoyaTestProject/Pods-MoyaTestProject-frameworks-${CONFIGURATION}-input-files.xcfilelist",
			);
			name = "[CP] Embed Pods Frameworks";
			outputFileListPaths = (
				"${PODS_ROOT}/Target Support Files/Pods-MoyaTestProject/Pods-MoyaTestProject-frameworks-${CONFIGURATION}-output-files.xcfilelist",
			);
			runOnlyForDeploymentPostprocessing = 0;
			shellPath = /bin/sh;
			shellScript = "\"${PODS_ROOT}/Target Support Files/Pods-MoyaTestProject/Pods-MoyaTestProject-frameworks.sh\"\n";
			showEnvVarsInLog = 0;
		};
/* End PBXShellScriptBuildPhase section */

/* Begin PBXSourcesBuildPhase section */
		82416EEA2895481B005683A1 /* Sources */ = {
			isa = PBXSourcesBuildPhase;
			buildActionMask = 2147483647;
			files = (
				82416F06289549F0005683A1 /* EmojiModel.swift in Sources */,
				82416F0D2895E254005683A1 /* AppAPI.swift in Sources */,
				82416F0928954AB7005683A1 /* EmojiSearchModel.swift in Sources */,
				82416EF62895481B005683A1 /* MainViewController.swift in Sources */,
				82416F102895F081005683A1 /* NetworkManager.swift in Sources */,
				82416EF22895481B005683A1 /* AppDelegate.swift in Sources */,
				82416EF42895481B005683A1 /* SceneDelegate.swift in Sources */,
				82416F0B28954AD8005683A1 /* AppleURL.swift in Sources */,
			);
			runOnlyForDeploymentPostprocessing = 0;
		};
/* End PBXSourcesBuildPhase section */

/* Begin PBXVariantGroup section */
		82416EF72895481B005683A1 /* Main.storyboard */ = {
			isa = PBXVariantGroup;
			children = (
				82416EF82895481B005683A1 /* Base */,
			);
			name = Main.storyboard;
			sourceTree = "<group>";
		};
		82416EFC2895481E005683A1 /* LaunchScreen.storyboard */ = {
			isa = PBXVariantGroup;
			children = (
				82416EFD2895481E005683A1 /* Base */,
			);
			name = LaunchScreen.storyboard;
			sourceTree = "<group>";
		};
/* End PBXVariantGroup section */

/* Begin XCBuildConfiguration section */
		82416F002895481E005683A1 /* Debug */ = {
			isa = XCBuildConfiguration;
			buildSettings = {
				ALWAYS_SEARCH_USER_PATHS = NO;
				CLANG_ANALYZER_NONNULL = YES;
				CLANG_ANALYZER_NUMBER_OBJECT_CONVERSION = YES_AGGRESSIVE;
				CLANG_CXX_LANGUAGE_STANDARD = "gnu++17";
				CLANG_ENABLE_MODULES = YES;
				CLANG_ENABLE_OBJC_ARC = YES;
				CLANG_ENABLE_OBJC_WEAK = YES;
				CLANG_WARN_BLOCK_CAPTURE_AUTORELEASING = YES;
				CLANG_WARN_BOOL_CONVERSION = YES;
				CLANG_WARN_COMMA = YES;
				CLANG_WARN_CONSTANT_CONVERSION = YES;
				CLANG_WARN_DEPRECATED_OBJC_IMPLEMENTATIONS = YES;
				CLANG_WARN_DIRECT_OBJC_ISA_USAGE = YES_ERROR;
				CLANG_WARN_DOCUMENTATION_COMMENTS = YES;
				CLANG_WARN_EMPTY_BODY = YES;
				CLANG_WARN_ENUM_CONVERSION = YES;
				CLANG_WARN_INFINITE_RECURSION = YES;
				CLANG_WARN_INT_CONVERSION = YES;
				CLANG_WARN_NON_LITERAL_NULL_CONVERSION = YES;
				CLANG_WARN_OBJC_IMPLICIT_RETAIN_SELF = YES;
				CLANG_WARN_OBJC_LITERAL_CONVERSION = YES;
				CLANG_WARN_OBJC_ROOT_CLASS = YES_ERROR;
				CLANG_WARN_QUOTED_INCLUDE_IN_FRAMEWORK_HEADER = YES;
				CLANG_WARN_RANGE_LOOP_ANALYSIS = YES;
				CLANG_WARN_STRICT_PROTOTYPES = YES;
				CLANG_WARN_SUSPICIOUS_MOVE = YES;
				CLANG_WARN_UNGUARDED_AVAILABILITY = YES_AGGRESSIVE;
				CLANG_WARN_UNREACHABLE_CODE = YES;
				CLANG_WARN__DUPLICATE_METHOD_MATCH = YES;
				COPY_PHASE_STRIP = NO;
				DEBUG_INFORMATION_FORMAT = dwarf;
				ENABLE_STRICT_OBJC_MSGSEND = YES;
				ENABLE_TESTABILITY = YES;
				GCC_C_LANGUAGE_STANDARD = gnu11;
				GCC_DYNAMIC_NO_PIC = NO;
				GCC_NO_COMMON_BLOCKS = YES;
				GCC_OPTIMIZATION_LEVEL = 0;
				GCC_PREPROCESSOR_DEFINITIONS = (
					"DEBUG=1",
					"$(inherited)",
				);
				GCC_WARN_64_TO_32_BIT_CONVERSION = YES;
				GCC_WARN_ABOUT_RETURN_TYPE = YES_ERROR;
				GCC_WARN_UNDECLARED_SELECTOR = YES;
				GCC_WARN_UNINITIALIZED_AUTOS = YES_AGGRESSIVE;
				GCC_WARN_UNUSED_FUNCTION = YES;
				GCC_WARN_UNUSED_VARIABLE = YES;
				IPHONEOS_DEPLOYMENT_TARGET = 15.4;
				MTL_ENABLE_DEBUG_INFO = INCLUDE_SOURCE;
				MTL_FAST_MATH = YES;
				ONLY_ACTIVE_ARCH = YES;
				SDKROOT = iphoneos;
				SWIFT_ACTIVE_COMPILATION_CONDITIONS = DEBUG;
				SWIFT_OPTIMIZATION_LEVEL = "-Onone";
			};
			name = Debug;
		};
		82416F012895481E005683A1 /* Release */ = {
			isa = XCBuildConfiguration;
			buildSettings = {
				ALWAYS_SEARCH_USER_PATHS = NO;
				CLANG_ANALYZER_NONNULL = YES;
				CLANG_ANALYZER_NUMBER_OBJECT_CONVERSION = YES_AGGRESSIVE;
				CLANG_CXX_LANGUAGE_STANDARD = "gnu++17";
				CLANG_ENABLE_MODULES = YES;
				CLANG_ENABLE_OBJC_ARC = YES;
				CLANG_ENABLE_OBJC_WEAK = YES;
				CLANG_WARN_BLOCK_CAPTURE_AUTORELEASING = YES;
				CLANG_WARN_BOOL_CONVERSION = YES;
				CLANG_WARN_COMMA = YES;
				CLANG_WARN_CONSTANT_CONVERSION = YES;
				CLANG_WARN_DEPRECATED_OBJC_IMPLEMENTATIONS = YES;
				CLANG_WARN_DIRECT_OBJC_ISA_USAGE = YES_ERROR;
				CLANG_WARN_DOCUMENTATION_COMMENTS = YES;
				CLANG_WARN_EMPTY_BODY = YES;
				CLANG_WARN_ENUM_CONVERSION = YES;
				CLANG_WARN_INFINITE_RECURSION = YES;
				CLANG_WARN_INT_CONVERSION = YES;
				CLANG_WARN_NON_LITERAL_NULL_CONVERSION = YES;
				CLANG_WARN_OBJC_IMPLICIT_RETAIN_SELF = YES;
				CLANG_WARN_OBJC_LITERAL_CONVERSION = YES;
				CLANG_WARN_OBJC_ROOT_CLASS = YES_ERROR;
				CLANG_WARN_QUOTED_INCLUDE_IN_FRAMEWORK_HEADER = YES;
				CLANG_WARN_RANGE_LOOP_ANALYSIS = YES;
				CLANG_WARN_STRICT_PROTOTYPES = YES;
				CLANG_WARN_SUSPICIOUS_MOVE = YES;
				CLANG_WARN_UNGUARDED_AVAILABILITY = YES_AGGRESSIVE;
				CLANG_WARN_UNREACHABLE_CODE = YES;
				CLANG_WARN__DUPLICATE_METHOD_MATCH = YES;
				COPY_PHASE_STRIP = NO;
				DEBUG_INFORMATION_FORMAT = "dwarf-with-dsym";
				ENABLE_NS_ASSERTIONS = NO;
				ENABLE_STRICT_OBJC_MSGSEND = YES;
				GCC_C_LANGUAGE_STANDARD = gnu11;
				GCC_NO_COMMON_BLOCKS = YES;
				GCC_WARN_64_TO_32_BIT_CONVERSION = YES;
				GCC_WARN_ABOUT_RETURN_TYPE = YES_ERROR;
				GCC_WARN_UNDECLARED_SELECTOR = YES;
				GCC_WARN_UNINITIALIZED_AUTOS = YES_AGGRESSIVE;
				GCC_WARN_UNUSED_FUNCTION = YES;
				GCC_WARN_UNUSED_VARIABLE = YES;
				IPHONEOS_DEPLOYMENT_TARGET = 15.4;
				MTL_ENABLE_DEBUG_INFO = NO;
				MTL_FAST_MATH = YES;
				SDKROOT = iphoneos;
				SWIFT_COMPILATION_MODE = wholemodule;
				SWIFT_OPTIMIZATION_LEVEL = "-O";
				VALIDATE_PRODUCT = YES;
			};
			name = Release;
		};
		82416F032895481E005683A1 /* Debug */ = {
			isa = XCBuildConfiguration;
			baseConfigurationReference = 272825A2C6CAA6A22B1DA3C9 /* Pods-MoyaTestProject.debug.xcconfig */;
			buildSettings = {
				ASSETCATALOG_COMPILER_APPICON_NAME = AppIcon;
				ASSETCATALOG_COMPILER_GLOBAL_ACCENT_COLOR_NAME = AccentColor;
				CODE_SIGN_STYLE = Automatic;
				CURRENT_PROJECT_VERSION = 1;
				DEVELOPMENT_TEAM = L5KQK28X5U;
				GENERATE_INFOPLIST_FILE = YES;
				INFOPLIST_FILE = MoyaTestProject/Info.plist;
				INFOPLIST_KEY_UIApplicationSupportsIndirectInputEvents = YES;
				INFOPLIST_KEY_UILaunchStoryboardName = LaunchScreen;
				INFOPLIST_KEY_UIMainStoryboardFile = Main;
				INFOPLIST_KEY_UISupportedInterfaceOrientations_iPad = "UIInterfaceOrientationPortrait UIInterfaceOrientationPortraitUpsideDown UIInterfaceOrientationLandscapeLeft UIInterfaceOrientationLandscapeRight";
				INFOPLIST_KEY_UISupportedInterfaceOrientations_iPhone = "UIInterfaceOrientationPortrait UIInterfaceOrientationLandscapeLeft UIInterfaceOrientationLandscapeRight";
				LD_RUNPATH_SEARCH_PATHS = (
					"$(inherited)",
					"@executable_path/Frameworks",
				);
				MARKETING_VERSION = 1.0;
				PRODUCT_BUNDLE_IDENTIFIER = com.tesddev.MoyaTestProject;
				PRODUCT_NAME = "$(TARGET_NAME)";
				SWIFT_EMIT_LOC_STRINGS = YES;
				SWIFT_VERSION = 5.0;
				TARGETED_DEVICE_FAMILY = "1,2";
			};
			name = Debug;
		};
		82416F042895481E005683A1 /* Release */ = {
			isa = XCBuildConfiguration;
			baseConfigurationReference = 22BC7D4B77A13436EE9EFF26 /* Pods-MoyaTestProject.release.xcconfig */;
			buildSettings = {
				ASSETCATALOG_COMPILER_APPICON_NAME = AppIcon;
				ASSETCATALOG_COMPILER_GLOBAL_ACCENT_COLOR_NAME = AccentColor;
				CODE_SIGN_STYLE = Automatic;
				CURRENT_PROJECT_VERSION = 1;
				DEVELOPMENT_TEAM = L5KQK28X5U;
				GENERATE_INFOPLIST_FILE = YES;
				INFOPLIST_FILE = MoyaTestProject/Info.plist;
				INFOPLIST_KEY_UIApplicationSupportsIndirectInputEvents = YES;
				INFOPLIST_KEY_UILaunchStoryboardName = LaunchScreen;
				INFOPLIST_KEY_UIMainStoryboardFile = Main;
				INFOPLIST_KEY_UISupportedInterfaceOrientations_iPad = "UIInterfaceOrientationPortrait UIInterfaceOrientationPortraitUpsideDown UIInterfaceOrientationLandscapeLeft UIInterfaceOrientationLandscapeRight";
				INFOPLIST_KEY_UISupportedInterfaceOrientations_iPhone = "UIInterfaceOrientationPortrait UIInterfaceOrientationLandscapeLeft UIInterfaceOrientationLandscapeRight";
				LD_RUNPATH_SEARCH_PATHS = (
					"$(inherited)",
					"@executable_path/Frameworks",
				);
				MARKETING_VERSION = 1.0;
				PRODUCT_BUNDLE_IDENTIFIER = com.tesddev.MoyaTestProject;
				PRODUCT_NAME = "$(TARGET_NAME)";
				SWIFT_EMIT_LOC_STRINGS = YES;
				SWIFT_VERSION = 5.0;
				TARGETED_DEVICE_FAMILY = "1,2";
			};
			name = Release;
		};
/* End XCBuildConfiguration section */

/* Begin XCConfigurationList section */
		82416EE92895481B005683A1 /* Build configuration list for PBXProject "MoyaTestProject" */ = {
			isa = XCConfigurationList;
			buildConfigurations = (
				82416F002895481E005683A1 /* Debug */,
				82416F012895481E005683A1 /* Release */,
			);
			defaultConfigurationIsVisible = 0;
			defaultConfigurationName = Release;
		};
		82416F022895481E005683A1 /* Build configuration list for PBXNativeTarget "MoyaTestProject" */ = {
			isa = XCConfigurationList;
			buildConfigurations = (
				82416F032895481E005683A1 /* Debug */,
				82416F042895481E005683A1 /* Release */,
			);
			defaultConfigurationIsVisible = 0;
			defaultConfigurationName = Release;
		};
/* End XCConfigurationList section */
	};
	rootObject = 82416EE62895481B005683A1 /* Project object */;
}
